
Microsoft Visual Studio Solution File, Format Version 12.00
# Visual Studio 14
VisualStudioVersion = 14.0.25420.1
MinimumVisualStudioVersion = 10.0.40219.1
Project("{2150E333-8FDC-42A3-9474-1A3956D46DE8}") = "Solution Items", "Solution Items", "{24BBF1E0-AB2E-432C-A57B-E6113450A0D2}"
	ProjectSection(SolutionItems) = preProject
		.gitattributes = .gitattributes
		.gitignore = .gitignore
	EndProjectSection
EndProject
Project("{FAE04EC0-301F-11D3-BF4B-00C04F79EFBC}") = "Flow.Net", "Flow.Net\Flow.Net.csproj", "{CFC48703-F207-41FE-8E86-3EE9BF7CEE47}"
EndProject
Project("{FAE04EC0-301F-11D3-BF4B-00C04F79EFBC}") = "Flow.Net.Example", "Flow.Net.Example\Flow.Net.Example.csproj", "{58C467D6-3761-48BE-80E7-E86233D0ED1A}"
EndProject
Global
	GlobalSection(SolutionConfigurationPlatforms) = preSolution
		Debug|Any CPU = Debug|Any CPU
		Release|Any CPU = Release|Any CPU
	EndGlobalSection
	GlobalSection(ProjectConfigurationPlatforms) = postSolution
		{CFC48703-F207-41FE-8E86-3EE9BF7CEE47}.Debug|Any CPU.ActiveCfg = Debug|Any CPU
		{CFC48703-F207-41FE-8E86-3EE9BF7CEE47}.Debug|Any CPU.Build.0 = Debug|Any CPU
		{CFC48703-F207-41FE-8E86-3EE9BF7CEE47}.Release|Any CPU.ActiveCfg = Release|Any CPU
		{CFC48703-F207-41FE-8E86-3EE9BF7CEE47}.Release|Any CPU.Build.0 = Release|Any CPU
		{58C467D6-3761-48BE-80E7-E86233D0ED1A}.Debug|Any CPU.ActiveCfg = Debug|Any CPU
		{58C467D6-3761-48BE-80E7-E86233D0ED1A}.Debug|Any CPU.Build.0 = Debug|Any CPU
		{58C467D6-3761-48BE-80E7-E86233D0ED1A}.Release|Any CPU.ActiveCfg = Release|Any CPU
		{58C467D6-3761-48BE-80E7-E86233D0ED1A}.Release|Any CPU.Build.0 = Release|Any CPU
	EndGlobalSection
	GlobalSection(SolutionProperties) = preSolution
		HideSolutionNode = FALSE
	EndGlobalSection
EndGlobal
